
Microsoft Visual Studio Solution File, Format Version 12.00
# Visual Studio Version 17
VisualStudioVersion = 17.3.32811.315
MinimumVisualStudioVersion = 10.0.40219.1
Project("{9A19103F-16F7-4668-BE54-9A1E7A4F7556}") = "Absa.UnitConverter", "Absa.UnitConverter\Absa.UnitConverter.csproj", "{A14E471B-43B9-4163-B2CE-4EC95E2557F2}"
EndProject
Project("{9A19103F-16F7-4668-BE54-9A1E7A4F7556}") = "Absa.Console", "Absa.Console\Absa.Console.csproj", "{3FA73BE7-C99E-45E0-B268-3FCD867D840C}"
EndProject
Project("{FAE04EC0-301F-11D3-BF4B-00C04F79EFBC}") = "Absa.UnitTests", "Absa.UnitTests\Absa.UnitTests.csproj", "{C782F398-8192-460F-9B5D-D1A2E8BF4093}"
EndProject
Global
	GlobalSection(SolutionConfigurationPlatforms) = preSolution
		Debug|Any CPU = Debug|Any CPU
		Release|Any CPU = Release|Any CPU
	EndGlobalSection
	GlobalSection(ProjectConfigurationPlatforms) = postSolution
		{A14E471B-43B9-4163-B2CE-4EC95E2557F2}.Debug|Any CPU.ActiveCfg = Debug|Any CPU
		{A14E471B-43B9-4163-B2CE-4EC95E2557F2}.Debug|Any CPU.Build.0 = Debug|Any CPU
		{A14E471B-43B9-4163-B2CE-4EC95E2557F2}.Release|Any CPU.ActiveCfg = Release|Any CPU
		{A14E471B-43B9-4163-B2CE-4EC95E2557F2}.Release|Any CPU.Build.0 = Release|Any CPU
		{3FA73BE7-C99E-45E0-B268-3FCD867D840C}.Debug|Any CPU.ActiveCfg = Debug|Any CPU
		{3FA73BE7-C99E-45E0-B268-3FCD867D840C}.Debug|Any CPU.Build.0 = Debug|Any CPU
		{3FA73BE7-C99E-45E0-B268-3FCD867D840C}.Release|Any CPU.ActiveCfg = Release|Any CPU
		{3FA73BE7-C99E-45E0-B268-3FCD867D840C}.Release|Any CPU.Build.0 = Release|Any CPU
		{C782F398-8192-460F-9B5D-D1A2E8BF4093}.Debug|Any CPU.ActiveCfg = Debug|Any CPU
		{C782F398-8192-460F-9B5D-D1A2E8BF4093}.Debug|Any CPU.Build.0 = Debug|Any CPU
		{C782F398-8192-460F-9B5D-D1A2E8BF4093}.Release|Any CPU.ActiveCfg = Release|Any CPU
		{C782F398-8192-460F-9B5D-D1A2E8BF4093}.Release|Any CPU.Build.0 = Release|Any CPU
	EndGlobalSection
	GlobalSection(SolutionProperties) = preSolution
		HideSolutionNode = FALSE
	EndGlobalSection
	GlobalSection(ExtensibilityGlobals) = postSolution
		SolutionGuid = {7EC891FE-247A-4C38-965B-0E4CD9568FD0}
	EndGlobalSection
EndGlobal
